PODS:
  - AppAuth (1.4.0):
    - AppAuth/Core (= 1.4.0)
    - AppAuth/ExternalUserAgent (= 1.4.0)
  - AppAuth/Core (1.4.0)
  - AppAuth/ExternalUserAgent (1.4.0)
  - Auth0 (2.3.2):
    - JWTDecode (~> 3.0)
    - SimpleKeychain (~> 1.0)
  - auth0_flutter (1.1.0):
    - Auth0 (~> 2.3)
    - Flutter
  - Flutter (1.0.0)
  - flutter_appauth (0.0.1):
    - AppAuth (= 1.4.0)
    - Flutter
  - flutter_secure_storage (3.3.1):
    - Flutter
  - JWTDecode (3.0.1)
  - path_provider_foundation (0.0.1):
    - Flutter
    - FlutterMacOS
  - SimpleKeychain (1.0.1)

DEPENDENCIES:
  - auth0_flutter (from `.symlinks/plugins/auth0_flutter/ios`)
  - Flutter (from `Flutter`)
  - flutter_appauth (from `.symlinks/plugins/flutter_appauth/ios`)
  - flutter_secure_storage (from `.symlinks/plugins/flutter_secure_storage/ios`)
  - path_provider_foundation (from `.symlinks/plugins/path_provider_foundation/darwin`)

SPEC REPOS:
  trunk:
    - AppAuth
    - Auth0
    - JWTDecode
    - SimpleKeychain

EXTERNAL SOURCES:
  auth0_flutter:
    :path: ".symlinks/plugins/auth0_flutter/ios"
  Flutter:
    :path: Flutter
  flutter_appauth:
    :path: ".symlinks/plugins/flutter_appauth/ios"
  flutter_secure_storage:
    :path: ".symlinks/plugins/flutter_secure_storage/ios"
  path_provider_foundation:
    :path: ".symlinks/plugins/path_provider_foundation/darwin"

SPEC CHECKSUMS:
  AppAuth: 31bcec809a638d7bd2f86ea8a52bd45f6e81e7c7
  Auth0: 64da28fdc5cd499aa516dc4bfd0ace8efae2c1da
  auth0_flutter: 2db6426f2a0489ff64318a0d2602a54aa9eef796
  Flutter: f04841e97a9d0b0a8025694d0796dd46242b2854
  flutter_appauth: 05c3778a1e4ae23364dd2ef37cbae14b244f646b
  flutter_secure_storage: 7953c38a04c3fdbb00571bcd87d8e3b5ceb9daec
  JWTDecode: 2eed97c2fa46ccaf3049a787004eedf0be474a87
  path_provider_foundation: eaf5b3e458fc0e5fbb9940fb09980e853fe058b8
  SimpleKeychain: 130211269f88f038d7dc5254cf0b1b9ce978c398

PODFILE CHECKSUM: 7be2f5f74864d463a8ad433546ed1de7e0f29aef

COCOAPODS: 1.12.0
